
Microsoft Visual Studio Solution File, Format Version 12.00
# Visual Studio 14
VisualStudioVersion = 14.0.23107.0
MinimumVisualStudioVersion = 10.0.40219.1
Project("{FAE04EC0-301F-11D3-BF4B-00C04F79EFBC}") = "DataAnalyse", "DataAnalyse\DataAnalyse.csproj", "{24297F09-11AE-4D1A-98A3-631422C3BA0F}"
EndProject
Project("{FAE04EC0-301F-11D3-BF4B-00C04F79EFBC}") = "HouseCrawler", "HouseCrawler\HouseCrawler.csproj", "{8B68140A-C106-47D5-9BC0-E67726DB248A}"
EndProject
Project("{FAE04EC0-301F-11D3-BF4B-00C04F79EFBC}") = "LoupanCrawler", "LoupanCrawler\LoupanCrawler.csproj", "{F8BEF681-0E16-443F-91AA-2ECB6015B709}"
EndProject
Project("{FAE04EC0-301F-11D3-BF4B-00C04F79EFBC}") = "StatLouceng", "StatLouceng\StatLouceng.csproj", "{25E87D5A-370B-4512-93B5-F58A9FB782DC}"
EndProject
Global
	GlobalSection(SolutionConfigurationPlatforms) = preSolution
		Debug|Any CPU = Debug|Any CPU
		Release|Any CPU = Release|Any CPU
	EndGlobalSection
	GlobalSection(ProjectConfigurationPlatforms) = postSolution
		{24297F09-11AE-4D1A-98A3-631422C3BA0F}.Debug|Any CPU.ActiveCfg = Debug|Any CPU
		{24297F09-11AE-4D1A-98A3-631422C3BA0F}.Debug|Any CPU.Build.0 = Debug|Any CPU
		{24297F09-11AE-4D1A-98A3-631422C3BA0F}.Release|Any CPU.ActiveCfg = Release|Any CPU
		{24297F09-11AE-4D1A-98A3-631422C3BA0F}.Release|Any CPU.Build.0 = Release|Any CPU
		{8B68140A-C106-47D5-9BC0-E67726DB248A}.Debug|Any CPU.ActiveCfg = Debug|Any CPU
		{8B68140A-C106-47D5-9BC0-E67726DB248A}.Debug|Any CPU.Build.0 = Debug|Any CPU
		{8B68140A-C106-47D5-9BC0-E67726DB248A}.Release|Any CPU.ActiveCfg = Release|Any CPU
		{8B68140A-C106-47D5-9BC0-E67726DB248A}.Release|Any CPU.Build.0 = Release|Any CPU
		{F8BEF681-0E16-443F-91AA-2ECB6015B709}.Debug|Any CPU.ActiveCfg = Debug|Any CPU
		{F8BEF681-0E16-443F-91AA-2ECB6015B709}.Debug|Any CPU.Build.0 = Debug|Any CPU
		{F8BEF681-0E16-443F-91AA-2ECB6015B709}.Release|Any CPU.ActiveCfg = Release|Any CPU
		{F8BEF681-0E16-443F-91AA-2ECB6015B709}.Release|Any CPU.Build.0 = Release|Any CPU
		{25E87D5A-370B-4512-93B5-F58A9FB782DC}.Debug|Any CPU.ActiveCfg = Debug|Any CPU
		{25E87D5A-370B-4512-93B5-F58A9FB782DC}.Debug|Any CPU.Build.0 = Debug|Any CPU
		{25E87D5A-370B-4512-93B5-F58A9FB782DC}.Release|Any CPU.ActiveCfg = Release|Any CPU
		{25E87D5A-370B-4512-93B5-F58A9FB782DC}.Release|Any CPU.Build.0 = Release|Any CPU
	EndGlobalSection
	GlobalSection(SolutionProperties) = preSolution
		HideSolutionNode = FALSE
	EndGlobalSection
EndGlobal
